{
  "requires": true,
  "lockfileVersion": 1,
  "dependencies": {
    "webassembly-floating-point-hex-parser": {
      "version": "0.1.2",
      "resolved": "https://registry.npmjs.org/webassembly-floating-point-hex-parser/-/webassembly-floating-point-hex-parser-0.1.2.tgz",
      "integrity": "sha512-TUf1H++8U10+stJbFydnvrpG5Sznz5Rilez/oZlV5zI0C/e4cSxd8rALAJ8VpTvjVWxLmL3SVSJUK6Ap9AoiNg=="
    }
  }
}
