{
	"name": "@webassemblyjs/wasm-gen",
	"version": "1.4.0",
	"lockfileVersion": 1,
	"requires": true,
	"dependencies": {
		"@webassemblyjs/ast": {
			"version": "1.4.0",
			"resolved": "https://registry.npmjs.org/@webassemblyjs/ast/-/ast-1.4.0.tgz",
			"integrity": "sha512-i5fat3/DyoTxiuHU9Q4fROTx77atdLdTRjIl3kTVT6NtijvP9dJa3MX5oBL+tGT/9BtLQaw0PdIiLRUuSuvuzw==",
			"requires": {
				"@webassemblyjs/helper-wasm-bytecode": "1.4.0",
				"@webassemblyjs/wast-parser": "1.4.0",
				"webassemblyjs": "1.4.0"
			}
		},
		"@webassemblyjs/floating-point-hex-parser": {
			"version": "1.4.0",
			"resolved": "https://registry.npmjs.org/@webassemblyjs/floating-point-hex-parser/-/floating-point-hex-parser-1.4.0.tgz",
			"integrity": "sha512-+z9czSZs0xx57fL94muflf0p3tf9ZChzY7fU4GFJoSqp50n5paL2q8Z2EI6Azkd3TVjO7+SX0d7fJFZanB4GZA=="
		},
		"@webassemblyjs/helper-code-frame": {
			"version": "1.4.0",
			"resolved": "https://registry.npmjs.org/@webassemblyjs/helper-code-frame/-/helper-code-frame-1.4.0.tgz",
			"integrity": "sha512-3Yp1Yfl09IlqJF0g4202Yifct6hu5VCfSfGU6jGVxbEAIz85ykZEg4ydjhY56J+GHNbHkfVAH06ci14WVqUC0g==",
			"requires": {
				"@webassemblyjs/wast-printer": "1.4.0"
			}
		},
		"@webassemblyjs/helper-fsm": {
			"version": "1.4.0",
			"resolved": "https://registry.npmjs.org/@webassemblyjs/helper-fsm/-/helper-fsm-1.4.0.tgz",
			"integrity": "sha512-81ub5XRNuXdbe95htAGQT2HnumvXGlhuw+j6JT69CKYpetXvGui9b0th/IZJB1zykJHdAglMmZwyuGFAMVsz+Q=="
		},
		"@webassemblyjs/helper-wasm-bytecode": {
			"version": "1.4.0",
			"resolved": "https://registry.npmjs.org/@webassemblyjs/helper-wasm-bytecode/-/helper-wasm-bytecode-1.4.0.tgz",
			"integrity": "sha512-3oZ4gyEPz0sXADlw9eMPJCdJAUPVhJjRX2KCL+cLwl5JS+lUABg/Slr+FL7ZdhOvULuBTYkbLeIc+Hw5OnyKiw=="
		},
		"@webassemblyjs/leb128": {
			"version": "1.4.0",
			"resolved": "https://registry.npmjs.org/@webassemblyjs/leb128/-/leb128-1.4.0.tgz",
			"integrity": "sha512-zwPPXuQUZCpDqVEyNb5NkhWr+fafmNQokXsxospUC9Rpj+w6hdyXg3LSmYQyu1q5WIwqi0ML/0sDfArvCzSzVQ==",
			"requires": {
				"leb": "0.3.0"
			}
		},
		"@webassemblyjs/validation": {
			"version": "1.4.0",
			"resolved": "https://registry.npmjs.org/@webassemblyjs/validation/-/validation-1.4.0.tgz",
			"integrity": "sha512-4+2QrlJ7Si1CNM4CszChzgeXNdX2VqQ35E9ejt5FxPmai2QWKO0mVW87QWFxT/aO16+Joe8B6/ImR22uDeSXJQ==",
			"requires": {
				"@webassemblyjs/ast": "1.4.0"
			}
		},
		"@webassemblyjs/wasm-parser": {
			"version": "1.4.0",
			"resolved": "https://registry.npmjs.org/@webassemblyjs/wasm-parser/-/wasm-parser-1.4.0.tgz",
			"integrity": "sha512-WuTU2j9Lb9Uwpcr7eLcOPO3BycEjW5UCpZCB6vw4DhWsI1NWergsMQXqEU/RYrAYoQSzQJ8R0lND3luR+MkDQA==",
			"requires": {
				"@webassemblyjs/ast": "1.4.0",
				"@webassemblyjs/helper-wasm-bytecode": "1.4.0",
				"@webassemblyjs/leb128": "1.4.0",
				"@webassemblyjs/wasm-parser": "1.4.0",
				"webassemblyjs": "1.4.0"
			}
		},
		"@webassemblyjs/wast-parser": {
			"version": "1.4.0",
			"resolved": "https://registry.npmjs.org/@webassemblyjs/wast-parser/-/wast-parser-1.4.0.tgz",
			"integrity": "sha512-oOAh+Hp0cHs0puPR+74mi/reHERWDig/ZQLK4I1Wifd4sLqFkw0+aA+Dv7+etk9gLIMCIH/0IigkaSDr+SW2WA==",
			"requires": {
				"@webassemblyjs/ast": "1.4.0",
				"@webassemblyjs/floating-point-hex-parser": "1.4.0",
				"@webassemblyjs/helper-code-frame": "1.4.0",
				"@webassemblyjs/helper-fsm": "1.4.0",
				"long": "3.2.0",
				"webassemblyjs": "1.4.0"
			}
		},
		"@webassemblyjs/wast-printer": {
			"version": "1.4.0",
			"resolved": "https://registry.npmjs.org/@webassemblyjs/wast-printer/-/wast-printer-1.4.0.tgz",
			"integrity": "sha512-+rxvZW31nZFtOhjisT/axjJ8hXebgwELlUTD1VTQwrKqX/Uk0JrSiPDsMTJgAFK/Pf58S54n4K1h3vDkiEdOTA==",
			"requires": {
				"@webassemblyjs/ast": "1.4.0",
				"@webassemblyjs/wast-parser": "1.4.0",
				"long": "3.2.0"
			}
		},
		"leb": {
			"version": "0.3.0",
			"resolved": "https://registry.npmjs.org/leb/-/leb-0.3.0.tgz",
			"integrity": "sha1-Mr7p+tFoMo1q6oUi2DP0GA7tHaM="
		},
		"long": {
			"version": "3.2.0",
			"resolved": "https://registry.npmjs.org/long/-/long-3.2.0.tgz",
			"integrity": "sha1-2CG3E4yhy1gcFymQ7xTbIAtcR0s="
		},
		"webassemblyjs": {
			"version": "1.4.0",
			"resolved": "https://registry.npmjs.org/webassemblyjs/-/webassemblyjs-1.4.0.tgz",
			"integrity": "sha512-zfqQEof1+d/Fj62ovCd47yQfPIrkHgFkjf5Os042k/fK+I/vczW97ZFqbTI+sBV4cDU4/z40qdqMNIMjBwk8Rw==",
			"requires": {
				"@webassemblyjs/ast": "1.4.0",
				"@webassemblyjs/validation": "1.4.0",
				"@webassemblyjs/wasm-parser": "1.4.0",
				"@webassemblyjs/wast-parser": "1.4.0",
				"long": "3.2.0"
			}
		}
	}
}
