{
  "name": "@webassemblyjs/helper-buffer",
  "version": "1.1.2-y.10",
  "lockfileVersion": 1,
  "requires": true,
  "dependencies": {
    "@babel/code-frame": {
      "version": "7.0.0-beta.41",
      "resolved": "https://registry.npmjs.org/@babel/code-frame/-/code-frame-7.0.0-beta.41.tgz",
      "integrity": "sha512-omQT0n9EW38xfMCY7cCW/PAT55igUX9c9cMq6QN4EjxCcelcrocwMJ6H4JP4BGrQ+OHdJAQPM9/Eaa2Yce4Aug==",
      "dev": true,
      "requires": {
        "@babel/highlight": "7.0.0-beta.41"
      }
    },
    "@babel/highlight": {
      "version": "7.0.0-beta.41",
      "resolved": "https://registry.npmjs.org/@babel/highlight/-/highlight-7.0.0-beta.41.tgz",
      "integrity": "sha512-5RURdqgHmXdg775Dr6GIFaVatHaPtaVgMF29jvWgkm8LP/B3MjZR/TOhkpbIBChqFzTn7uQKiBR3002pGjKY7Q==",
      "dev": true,
      "requires": {
        "chalk": "2.3.2",
        "esutils": "2.0.2",
        "js-tokens": "3.0.2"
      }
    },
    "@webassemblyjs/ast": {
      "version": "1.1.2-y.10",
      "resolved": "https://registry.npmjs.org/@webassemblyjs/ast/-/ast-1.1.2-y.10.tgz",
      "integrity": "sha512-BDRZ0VAWzOPE0VSg6OPPYx7B714tux/0H8VYv19S+iSkpRvTgQuKQJ6BSAD9sjrj00V3fNS5muQXGfpZdTvbTQ==",
      "dev": true,
      "requires": {
        "@webassemblyjs/wast-parser": "1.1.2-y.10",
        "webassembly-floating-point-hex-parser": "0.1.2",
        "webassemblyjs": "1.1.2-y.10"
      }
    },
    "@webassemblyjs/helper-leb128": {
      "version": "1.1.2-y.10",
      "resolved": "https://registry.npmjs.org/@webassemblyjs/helper-leb128/-/helper-leb128-1.1.2-y.10.tgz",
      "integrity": "sha512-NZqRp9rk6ZgjBtqzoqUOXnczI8l2b3cqV8Sew2q4nkiTX31s6wtoRAzKQ90P++32MvL4G1bClJmPrvPvmRl2Pw==",
      "dev": true,
      "requires": {
        "leb": "0.3.0"
      }
    },
    "@webassemblyjs/helper-wasm-bytecode": {
      "version": "1.1.2-y.10",
      "resolved": "https://registry.npmjs.org/@webassemblyjs/helper-wasm-bytecode/-/helper-wasm-bytecode-1.1.2-y.10.tgz",
      "integrity": "sha512-uIFso/JhA5CYaPCVG2TGvGWeAhTBLrOO8U/oyoSD/8+Hy/SU/YGcmi+ze4iyY8cqyQeOnd11/OEf0L0qMoNgng==",
      "dev": true
    },
    "@webassemblyjs/wasm-parser": {
      "version": "1.1.2-y.10",
      "resolved": "https://registry.npmjs.org/@webassemblyjs/wasm-parser/-/wasm-parser-1.1.2-y.10.tgz",
      "integrity": "sha512-PLcIO9mVtRF9itgVZfe5f4JnVATvJkYCujviV9UIKLMwRagYAG3tFjv+MXE/umeUZyURxUyks74UGQ5xktolgA==",
      "dev": true,
      "requires": {
        "@webassemblyjs/ast": "1.1.2-y.10",
        "@webassemblyjs/helper-leb128": "1.1.2-y.10",
        "@webassemblyjs/helper-wasm-bytecode": "1.1.2-y.10",
        "@webassemblyjs/wasm-parser": "1.1.2-y.10",
        "webassemblyjs": "1.1.2-y.10"
      }
    },
    "@webassemblyjs/wast-parser": {
      "version": "1.1.2-y.10",
      "resolved": "https://registry.npmjs.org/@webassemblyjs/wast-parser/-/wast-parser-1.1.2-y.10.tgz",
      "integrity": "sha512-vrw+i5zKA3ix+ceTIQ82ra303fiY3h8KISguM7v4aqfDHI6rnbUmVVGfeGPeKeXob4VwhbjjGnsJy0DzoDtolw==",
      "dev": true,
      "requires": {
        "@babel/code-frame": "7.0.0-beta.41",
        "@webassemblyjs/ast": "1.1.2-y.10",
        "long": "3.2.0",
        "webassembly-floating-point-hex-parser": "0.1.2",
        "webassemblyjs": "1.1.2-y.10"
      }
    },
    "ansi-regex": {
      "version": "3.0.0",
      "resolved": "https://registry.npmjs.org/ansi-regex/-/ansi-regex-3.0.0.tgz",
      "integrity": "sha1-7QMXwyIGT3lGbAKWa922Bas32Zg=",
      "dev": true
    },
    "ansi-styles": {
      "version": "3.2.1",
      "resolved": "https://registry.npmjs.org/ansi-styles/-/ansi-styles-3.2.1.tgz",
      "integrity": "sha512-VT0ZI6kZRdTh8YyJw3SMbYm/u+NqfsAxEpWO0Pf9sq8/e94WxxOpPKx9FR1FlyCtOVDNOQ+8ntlqFxiRc+r5qA==",
      "dev": true,
      "requires": {
        "color-convert": "1.9.1"
      }
    },
    "chalk": {
      "version": "2.3.2",
      "resolved": "https://registry.npmjs.org/chalk/-/chalk-2.3.2.tgz",
      "integrity": "sha512-ZM4j2/ld/YZDc3Ma8PgN7gyAk+kHMMMyzLNryCPGhWrsfAuDVeuid5bpRFTDgMH9JBK2lA4dyyAkkZYF/WcqDQ==",
      "dev": true,
      "requires": {
        "ansi-styles": "3.2.1",
        "escape-string-regexp": "1.0.5",
        "supports-color": "5.3.0"
      }
    },
    "color-convert": {
      "version": "1.9.1",
      "resolved": "https://registry.npmjs.org/color-convert/-/color-convert-1.9.1.tgz",
      "integrity": "sha512-mjGanIiwQJskCC18rPR6OmrZ6fm2Lc7PeGFYwCmy5J34wC6F1PzdGL6xeMfmgicfYcNLGuVFA3WzXtIDCQSZxQ==",
      "dev": true,
      "requires": {
        "color-name": "1.1.3"
      }
    },
    "color-name": {
      "version": "1.1.3",
      "resolved": "https://registry.npmjs.org/color-name/-/color-name-1.1.3.tgz",
      "integrity": "sha1-p9BVi9icQveV3UIyj3QIMcpTvCU=",
      "dev": true
    },
    "diff": {
      "version": "3.5.0",
      "resolved": "https://registry.npmjs.org/diff/-/diff-3.5.0.tgz",
      "integrity": "sha512-A46qtFgd+g7pDZinpnwiRJtxbC1hpgf0uzP3iG89scHk0AUC7A1TGxf5OiiOUv/JMZR8GOt8hL900hV0bOy5xA==",
      "dev": true
    },
    "escape-string-regexp": {
      "version": "1.0.5",
      "resolved": "https://registry.npmjs.org/escape-string-regexp/-/escape-string-regexp-1.0.5.tgz",
      "integrity": "sha1-G2HAViGQqN/2rjuyzwIAyhMLhtQ=",
      "dev": true
    },
    "esutils": {
      "version": "2.0.2",
      "resolved": "https://registry.npmjs.org/esutils/-/esutils-2.0.2.tgz",
      "integrity": "sha1-Cr9PHKpbyx96nYrMbepPqqBLrJs=",
      "dev": true
    },
    "has-flag": {
      "version": "3.0.0",
      "resolved": "https://registry.npmjs.org/has-flag/-/has-flag-3.0.0.tgz",
      "integrity": "sha1-tdRU3CGZriJWmfNGfloH87lVuv0=",
      "dev": true
    },
    "jest-diff": {
      "version": "22.4.0",
      "resolved": "https://registry.npmjs.org/jest-diff/-/jest-diff-22.4.0.tgz",
      "integrity": "sha512-+/t20WmnkOkB8MOaGaPziI8zWKxquMvYw4Ub+wOzi7AUhmpFXz43buWSxVoZo4J5RnCozpGbX3/FssjJ5KV9Nw==",
      "dev": true,
      "requires": {
        "chalk": "2.3.2",
        "diff": "3.5.0",
        "jest-get-type": "22.1.0",
        "pretty-format": "22.4.0"
      }
    },
    "jest-get-type": {
      "version": "22.1.0",
      "resolved": "https://registry.npmjs.org/jest-get-type/-/jest-get-type-22.1.0.tgz",
      "integrity": "sha512-nD97IVOlNP6fjIN5i7j5XRH+hFsHL7VlauBbzRvueaaUe70uohrkz7pL/N8lx/IAwZRTJ//wOdVgh85OgM7g3w==",
      "dev": true
    },
    "js-tokens": {
      "version": "3.0.2",
      "resolved": "https://registry.npmjs.org/js-tokens/-/js-tokens-3.0.2.tgz",
      "integrity": "sha1-mGbfOVECEw449/mWvOtlRDIJwls=",
      "dev": true
    },
    "leb": {
      "version": "0.3.0",
      "resolved": "https://registry.npmjs.org/leb/-/leb-0.3.0.tgz",
      "integrity": "sha1-Mr7p+tFoMo1q6oUi2DP0GA7tHaM=",
      "dev": true
    },
    "long": {
      "version": "3.2.0",
      "resolved": "https://registry.npmjs.org/long/-/long-3.2.0.tgz",
      "integrity": "sha1-2CG3E4yhy1gcFymQ7xTbIAtcR0s=",
      "dev": true
    },
    "pretty-format": {
      "version": "22.4.0",
      "resolved": "https://registry.npmjs.org/pretty-format/-/pretty-format-22.4.0.tgz",
      "integrity": "sha512-pvCxP2iODIIk9adXlo4S3GRj0BrJiil68kByAa1PrgG97c1tClh9dLMgp3Z6cHFZrclaABt0UH8PIhwHuFLqYA==",
      "dev": true,
      "requires": {
        "ansi-regex": "3.0.0",
        "ansi-styles": "3.2.1"
      }
    },
    "supports-color": {
      "version": "5.3.0",
      "resolved": "https://registry.npmjs.org/supports-color/-/supports-color-5.3.0.tgz",
      "integrity": "sha512-0aP01LLIskjKs3lq52EC0aGBAJhLq7B2Rd8HC/DR/PtNNpcLilNmHC12O+hu0usQpo7wtHNRqtrhBwtDb0+dNg==",
      "dev": true,
      "requires": {
        "has-flag": "3.0.0"
      }
    },
    "webassembly-floating-point-hex-parser": {
      "version": "0.1.2",
      "resolved": "https://registry.npmjs.org/webassembly-floating-point-hex-parser/-/webassembly-floating-point-hex-parser-0.1.2.tgz",
      "integrity": "sha512-TUf1H++8U10+stJbFydnvrpG5Sznz5Rilez/oZlV5zI0C/e4cSxd8rALAJ8VpTvjVWxLmL3SVSJUK6Ap9AoiNg==",
      "dev": true
    },
    "webassemblyjs": {
      "version": "1.1.2-y.10",
      "resolved": "https://registry.npmjs.org/webassemblyjs/-/webassemblyjs-1.1.2-y.10.tgz",
      "integrity": "sha512-yTcy1efpT2crTMjeN5dpXn2pcTpm7QMRBxM+BnLfXF7bpNwn/Bg4cvqkQY1MB3RX/sBE2RIlLQAfUBuPp/LwoA==",
      "dev": true,
      "requires": {
        "@webassemblyjs/ast": "1.1.2-y.10",
        "@webassemblyjs/wasm-parser": "1.1.2-y.10",
        "@webassemblyjs/wast-parser": "1.1.2-y.10",
        "long": "3.2.0",
        "webassembly-floating-point-hex-parser": "0.1.2"
      }
    }
  }
}
