{
  "name": "@webassemblyjs/helper-buffer",
  "version": "1.4.0",
  "lockfileVersion": 1,
  "requires": true,
  "dependencies": {
    "@webassemblyjs/ast": {
      "version": "1.4.0",
      "resolved": "https://registry.npmjs.org/@webassemblyjs/ast/-/ast-1.4.0.tgz",
      "integrity": "sha512-i5fat3/DyoTxiuHU9Q4fROTx77atdLdTRjIl3kTVT6NtijvP9dJa3MX5oBL+tGT/9BtLQaw0PdIiLRUuSuvuzw==",
      "dev": true,
      "requires": {
        "@webassemblyjs/helper-wasm-bytecode": "1.4.0",
        "@webassemblyjs/wast-parser": "1.4.0",
        "webassemblyjs": "1.4.0"
      }
    },
    "@webassemblyjs/floating-point-hex-parser": {
      "version": "1.4.0",
      "resolved": "https://registry.npmjs.org/@webassemblyjs/floating-point-hex-parser/-/floating-point-hex-parser-1.4.0.tgz",
      "integrity": "sha512-+z9czSZs0xx57fL94muflf0p3tf9ZChzY7fU4GFJoSqp50n5paL2q8Z2EI6Azkd3TVjO7+SX0d7fJFZanB4GZA==",
      "dev": true
    },
    "@webassemblyjs/helper-code-frame": {
      "version": "1.4.0",
      "resolved": "https://registry.npmjs.org/@webassemblyjs/helper-code-frame/-/helper-code-frame-1.4.0.tgz",
      "integrity": "sha512-3Yp1Yfl09IlqJF0g4202Yifct6hu5VCfSfGU6jGVxbEAIz85ykZEg4ydjhY56J+GHNbHkfVAH06ci14WVqUC0g==",
      "dev": true,
      "requires": {
        "@webassemblyjs/wast-printer": "1.4.0"
      }
    },
    "@webassemblyjs/helper-fsm": {
      "version": "1.4.0",
      "resolved": "https://registry.npmjs.org/@webassemblyjs/helper-fsm/-/helper-fsm-1.4.0.tgz",
      "integrity": "sha512-81ub5XRNuXdbe95htAGQT2HnumvXGlhuw+j6JT69CKYpetXvGui9b0th/IZJB1zykJHdAglMmZwyuGFAMVsz+Q==",
      "dev": true
    },
    "@webassemblyjs/helper-wasm-bytecode": {
      "version": "1.4.0",
      "resolved": "https://registry.npmjs.org/@webassemblyjs/helper-wasm-bytecode/-/helper-wasm-bytecode-1.4.0.tgz",
      "integrity": "sha512-3oZ4gyEPz0sXADlw9eMPJCdJAUPVhJjRX2KCL+cLwl5JS+lUABg/Slr+FL7ZdhOvULuBTYkbLeIc+Hw5OnyKiw==",
      "dev": true
    },
    "@webassemblyjs/leb128": {
      "version": "1.4.0",
      "resolved": "https://registry.npmjs.org/@webassemblyjs/leb128/-/leb128-1.4.0.tgz",
      "integrity": "sha512-zwPPXuQUZCpDqVEyNb5NkhWr+fafmNQokXsxospUC9Rpj+w6hdyXg3LSmYQyu1q5WIwqi0ML/0sDfArvCzSzVQ==",
      "dev": true,
      "requires": {
        "leb": "0.3.0"
      }
    },
    "@webassemblyjs/validation": {
      "version": "1.4.0",
      "resolved": "https://registry.npmjs.org/@webassemblyjs/validation/-/validation-1.4.0.tgz",
      "integrity": "sha512-4+2QrlJ7Si1CNM4CszChzgeXNdX2VqQ35E9ejt5FxPmai2QWKO0mVW87QWFxT/aO16+Joe8B6/ImR22uDeSXJQ==",
      "dev": true,
      "requires": {
        "@webassemblyjs/ast": "1.4.0"
      }
    },
    "@webassemblyjs/wasm-parser": {
      "version": "1.4.0",
      "resolved": "https://registry.npmjs.org/@webassemblyjs/wasm-parser/-/wasm-parser-1.4.0.tgz",
      "integrity": "sha512-WuTU2j9Lb9Uwpcr7eLcOPO3BycEjW5UCpZCB6vw4DhWsI1NWergsMQXqEU/RYrAYoQSzQJ8R0lND3luR+MkDQA==",
      "dev": true,
      "requires": {
        "@webassemblyjs/ast": "1.4.0",
        "@webassemblyjs/helper-wasm-bytecode": "1.4.0",
        "@webassemblyjs/leb128": "1.4.0",
        "@webassemblyjs/wasm-parser": "1.4.0",
        "webassemblyjs": "1.4.0"
      }
    },
    "@webassemblyjs/wast-parser": {
      "version": "1.4.0",
      "resolved": "https://registry.npmjs.org/@webassemblyjs/wast-parser/-/wast-parser-1.4.0.tgz",
      "integrity": "sha512-oOAh+Hp0cHs0puPR+74mi/reHERWDig/ZQLK4I1Wifd4sLqFkw0+aA+Dv7+etk9gLIMCIH/0IigkaSDr+SW2WA==",
      "dev": true,
      "requires": {
        "@webassemblyjs/ast": "1.4.0",
        "@webassemblyjs/floating-point-hex-parser": "1.4.0",
        "@webassemblyjs/helper-code-frame": "1.4.0",
        "@webassemblyjs/helper-fsm": "1.4.0",
        "long": "3.2.0",
        "webassemblyjs": "1.4.0"
      }
    },
    "@webassemblyjs/wast-printer": {
      "version": "1.4.0",
      "resolved": "https://registry.npmjs.org/@webassemblyjs/wast-printer/-/wast-printer-1.4.0.tgz",
      "integrity": "sha512-+rxvZW31nZFtOhjisT/axjJ8hXebgwELlUTD1VTQwrKqX/Uk0JrSiPDsMTJgAFK/Pf58S54n4K1h3vDkiEdOTA==",
      "dev": true,
      "requires": {
        "@webassemblyjs/ast": "1.4.0",
        "@webassemblyjs/wast-parser": "1.4.0",
        "long": "3.2.0"
      }
    },
    "ansi-regex": {
      "version": "3.0.0",
      "resolved": "https://registry.npmjs.org/ansi-regex/-/ansi-regex-3.0.0.tgz",
      "integrity": "sha1-7QMXwyIGT3lGbAKWa922Bas32Zg=",
      "dev": true
    },
    "ansi-styles": {
      "version": "3.2.1",
      "resolved": "https://registry.npmjs.org/ansi-styles/-/ansi-styles-3.2.1.tgz",
      "integrity": "sha512-VT0ZI6kZRdTh8YyJw3SMbYm/u+NqfsAxEpWO0Pf9sq8/e94WxxOpPKx9FR1FlyCtOVDNOQ+8ntlqFxiRc+r5qA==",
      "dev": true,
      "requires": {
        "color-convert": "1.9.1"
      }
    },
    "chalk": {
      "version": "2.3.2",
      "resolved": "https://registry.npmjs.org/chalk/-/chalk-2.3.2.tgz",
      "integrity": "sha512-ZM4j2/ld/YZDc3Ma8PgN7gyAk+kHMMMyzLNryCPGhWrsfAuDVeuid5bpRFTDgMH9JBK2lA4dyyAkkZYF/WcqDQ==",
      "dev": true,
      "requires": {
        "ansi-styles": "3.2.1",
        "escape-string-regexp": "1.0.5",
        "supports-color": "5.3.0"
      }
    },
    "color-convert": {
      "version": "1.9.1",
      "resolved": "https://registry.npmjs.org/color-convert/-/color-convert-1.9.1.tgz",
      "integrity": "sha512-mjGanIiwQJskCC18rPR6OmrZ6fm2Lc7PeGFYwCmy5J34wC6F1PzdGL6xeMfmgicfYcNLGuVFA3WzXtIDCQSZxQ==",
      "dev": true,
      "requires": {
        "color-name": "1.1.3"
      }
    },
    "color-name": {
      "version": "1.1.3",
      "resolved": "https://registry.npmjs.org/color-name/-/color-name-1.1.3.tgz",
      "integrity": "sha1-p9BVi9icQveV3UIyj3QIMcpTvCU=",
      "dev": true
    },
    "diff": {
      "version": "3.5.0",
      "resolved": "https://registry.npmjs.org/diff/-/diff-3.5.0.tgz",
      "integrity": "sha512-A46qtFgd+g7pDZinpnwiRJtxbC1hpgf0uzP3iG89scHk0AUC7A1TGxf5OiiOUv/JMZR8GOt8hL900hV0bOy5xA==",
      "dev": true
    },
    "escape-string-regexp": {
      "version": "1.0.5",
      "resolved": "https://registry.npmjs.org/escape-string-regexp/-/escape-string-regexp-1.0.5.tgz",
      "integrity": "sha1-G2HAViGQqN/2rjuyzwIAyhMLhtQ=",
      "dev": true
    },
    "has-flag": {
      "version": "3.0.0",
      "resolved": "https://registry.npmjs.org/has-flag/-/has-flag-3.0.0.tgz",
      "integrity": "sha1-tdRU3CGZriJWmfNGfloH87lVuv0=",
      "dev": true
    },
    "jest-diff": {
      "version": "22.4.0",
      "resolved": "https://registry.npmjs.org/jest-diff/-/jest-diff-22.4.0.tgz",
      "integrity": "sha512-+/t20WmnkOkB8MOaGaPziI8zWKxquMvYw4Ub+wOzi7AUhmpFXz43buWSxVoZo4J5RnCozpGbX3/FssjJ5KV9Nw==",
      "dev": true,
      "requires": {
        "chalk": "2.3.2",
        "diff": "3.5.0",
        "jest-get-type": "22.1.0",
        "pretty-format": "22.4.0"
      }
    },
    "jest-get-type": {
      "version": "22.1.0",
      "resolved": "https://registry.npmjs.org/jest-get-type/-/jest-get-type-22.1.0.tgz",
      "integrity": "sha512-nD97IVOlNP6fjIN5i7j5XRH+hFsHL7VlauBbzRvueaaUe70uohrkz7pL/N8lx/IAwZRTJ//wOdVgh85OgM7g3w==",
      "dev": true
    },
    "leb": {
      "version": "0.3.0",
      "resolved": "https://registry.npmjs.org/leb/-/leb-0.3.0.tgz",
      "integrity": "sha1-Mr7p+tFoMo1q6oUi2DP0GA7tHaM=",
      "dev": true
    },
    "long": {
      "version": "3.2.0",
      "resolved": "https://registry.npmjs.org/long/-/long-3.2.0.tgz",
      "integrity": "sha1-2CG3E4yhy1gcFymQ7xTbIAtcR0s=",
      "dev": true
    },
    "pretty-format": {
      "version": "22.4.0",
      "resolved": "https://registry.npmjs.org/pretty-format/-/pretty-format-22.4.0.tgz",
      "integrity": "sha512-pvCxP2iODIIk9adXlo4S3GRj0BrJiil68kByAa1PrgG97c1tClh9dLMgp3Z6cHFZrclaABt0UH8PIhwHuFLqYA==",
      "dev": true,
      "requires": {
        "ansi-regex": "3.0.0",
        "ansi-styles": "3.2.1"
      }
    },
    "supports-color": {
      "version": "5.3.0",
      "resolved": "https://registry.npmjs.org/supports-color/-/supports-color-5.3.0.tgz",
      "integrity": "sha512-0aP01LLIskjKs3lq52EC0aGBAJhLq7B2Rd8HC/DR/PtNNpcLilNmHC12O+hu0usQpo7wtHNRqtrhBwtDb0+dNg==",
      "dev": true,
      "requires": {
        "has-flag": "3.0.0"
      }
    },
    "webassemblyjs": {
      "version": "1.4.0",
      "resolved": "https://registry.npmjs.org/webassemblyjs/-/webassemblyjs-1.4.0.tgz",
      "integrity": "sha512-zfqQEof1+d/Fj62ovCd47yQfPIrkHgFkjf5Os042k/fK+I/vczW97ZFqbTI+sBV4cDU4/z40qdqMNIMjBwk8Rw==",
      "dev": true,
      "requires": {
        "@webassemblyjs/ast": "1.4.0",
        "@webassemblyjs/validation": "1.4.0",
        "@webassemblyjs/wasm-parser": "1.4.0",
        "@webassemblyjs/wast-parser": "1.4.0",
        "long": "3.2.0"
      }
    }
  }
}
